
Microsoft Visual Studio Solution File, Format Version 11.00
# Visual Studio 2010
Project("{FAE04EC0-301F-11D3-BF4B-00C04F79EFBC}") = "Demo.Spine.WidowsXNA", "demo\Demo.Spine.WidowsXNA\Demo.Spine.WidowsXNA\Demo.Spine.WidowsXNA.csproj", "{5317AE30-5333-4215-8C74-4C00E8E93D61}"
EndProject
Project("{96E2B04D-8817-42C6-938A-82C39BA4D311}") = "Demo.Spine.WidowsXNAContent", "demo\Demo.Spine.WidowsXNA\Demo.Spine.WidowsXNAContent\Demo.Spine.WidowsXNAContent.contentproj", "{45151F6C-688F-46F2-BDAE-14BB3EC42C9A}"
EndProject
Project("{FAE04EC0-301F-11D3-BF4B-00C04F79EFBC}") = "Spine.Runtime.WindowsXNA", "runtime\Spine.Runtime.WindowsXNA.csproj", "{F108A1D4-A118-44BC-98FD-4A15E11AB552}"
EndProject
Global
	GlobalSection(SolutionConfigurationPlatforms) = preSolution
		Debug|Any CPU = Debug|Any CPU
		Debug|Mixed Platforms = Debug|Mixed Platforms
		Debug|x86 = Debug|x86
		Release|Any CPU = Release|Any CPU
		Release|Mixed Platforms = Release|Mixed Platforms
		Release|x86 = Release|x86
	EndGlobalSection
	GlobalSection(ProjectConfigurationPlatforms) = postSolution
		{5317AE30-5333-4215-8C74-4C00E8E93D61}.Debug|Any CPU.ActiveCfg = Debug|x86
		{5317AE30-5333-4215-8C74-4C00E8E93D61}.Debug|Mixed Platforms.ActiveCfg = Debug|x86
		{5317AE30-5333-4215-8C74-4C00E8E93D61}.Debug|Mixed Platforms.Build.0 = Debug|x86
		{5317AE30-5333-4215-8C74-4C00E8E93D61}.Debug|x86.ActiveCfg = Debug|x86
		{5317AE30-5333-4215-8C74-4C00E8E93D61}.Debug|x86.Build.0 = Debug|x86
		{5317AE30-5333-4215-8C74-4C00E8E93D61}.Release|Any CPU.ActiveCfg = Release|x86
		{5317AE30-5333-4215-8C74-4C00E8E93D61}.Release|Mixed Platforms.ActiveCfg = Release|x86
		{5317AE30-5333-4215-8C74-4C00E8E93D61}.Release|Mixed Platforms.Build.0 = Release|x86
		{5317AE30-5333-4215-8C74-4C00E8E93D61}.Release|x86.ActiveCfg = Release|x86
		{5317AE30-5333-4215-8C74-4C00E8E93D61}.Release|x86.Build.0 = Release|x86
		{45151F6C-688F-46F2-BDAE-14BB3EC42C9A}.Debug|Any CPU.ActiveCfg = Debug|x86
		{45151F6C-688F-46F2-BDAE-14BB3EC42C9A}.Debug|Mixed Platforms.ActiveCfg = Debug|x86
		{45151F6C-688F-46F2-BDAE-14BB3EC42C9A}.Debug|x86.ActiveCfg = Debug|x86
		{45151F6C-688F-46F2-BDAE-14BB3EC42C9A}.Release|Any CPU.ActiveCfg = Release|x86
		{45151F6C-688F-46F2-BDAE-14BB3EC42C9A}.Release|Mixed Platforms.ActiveCfg = Release|x86
		{45151F6C-688F-46F2-BDAE-14BB3EC42C9A}.Release|x86.ActiveCfg = Release|x86
		{F108A1D4-A118-44BC-98FD-4A15E11AB552}.Debug|Any CPU.ActiveCfg = Debug|x86
		{F108A1D4-A118-44BC-98FD-4A15E11AB552}.Debug|Mixed Platforms.ActiveCfg = Debug|x86
		{F108A1D4-A118-44BC-98FD-4A15E11AB552}.Debug|Mixed Platforms.Build.0 = Debug|x86
		{F108A1D4-A118-44BC-98FD-4A15E11AB552}.Debug|x86.ActiveCfg = Debug|x86
		{F108A1D4-A118-44BC-98FD-4A15E11AB552}.Debug|x86.Build.0 = Debug|x86
		{F108A1D4-A118-44BC-98FD-4A15E11AB552}.Release|Any CPU.ActiveCfg = Release|x86
		{F108A1D4-A118-44BC-98FD-4A15E11AB552}.Release|Mixed Platforms.ActiveCfg = Release|x86
		{F108A1D4-A118-44BC-98FD-4A15E11AB552}.Release|Mixed Platforms.Build.0 = Release|x86
		{F108A1D4-A118-44BC-98FD-4A15E11AB552}.Release|x86.ActiveCfg = Release|x86
		{F108A1D4-A118-44BC-98FD-4A15E11AB552}.Release|x86.Build.0 = Release|x86
	EndGlobalSection
	GlobalSection(SolutionProperties) = preSolution
		HideSolutionNode = FALSE
	EndGlobalSection
EndGlobal
